
Microsoft Visual Studio Solution File, Format Version 12.00
# Visual Studio Version 17
VisualStudioVersion = 17.10.35004.147
MinimumVisualStudioVersion = 10.0.40219.1
Project("{FAE04EC0-301F-11D3-BF4B-00C04F79EFBC}") = "практикум 11", "практикум 11.csproj", "{9125CA55-F198-4768-B565-7C6FD5D9AFA9}"
EndProject
Global
	GlobalSection(SolutionConfigurationPlatforms) = preSolution
		Debug|Any CPU = Debug|Any CPU
		Release|Any CPU = Release|Any CPU
	EndGlobalSection
	GlobalSection(ProjectConfigurationPlatforms) = postSolution
		{9125CA55-F198-4768-B565-7C6FD5D9AFA9}.Debug|Any CPU.ActiveCfg = Debug|Any CPU
		{9125CA55-F198-4768-B565-7C6FD5D9AFA9}.Debug|Any CPU.Build.0 = Debug|Any CPU
		{9125CA55-F198-4768-B565-7C6FD5D9AFA9}.Release|Any CPU.ActiveCfg = Release|Any CPU
		{9125CA55-F198-4768-B565-7C6FD5D9AFA9}.Release|Any CPU.Build.0 = Release|Any CPU
	EndGlobalSection
	GlobalSection(SolutionProperties) = preSolution
		HideSolutionNode = FALSE
	EndGlobalSection
	GlobalSection(ExtensibilityGlobals) = postSolution
		SolutionGuid = {9DEA32F9-11D5-4445-9E6B-8CB577CD9671}
	EndGlobalSection
EndGlobal
